
cloud.google.com/go v0.0.0-20170206221025-ce650573d812/go.mod h1:aQUYkXzVsufM+DwF1aE+0xfcU+56JwCaLick0ClmMTw=
github.com/GoogleCloudPlatform/cloudsql-proxy v0.0.0-20190129172621-c8b1d7a94ddf/go.mod h1:aJ4qN3TfrelA6NZ6AXsXRfmEVaYin3EDbSPJrKS8OXo=
github.com/aclements/go-gg v0.0.0-20170118225347-6dbb4e4fefb0/go.mod h1:55qNq4vcpkIuHowELi5C8e+1yUHtoLoOUR9QU5j7Tes=
github.com/aclements/go-moremath v0.0.0-20161014184102-0ff62e0875ff/go.mod h1:idZL3yvz4kzx1dsBOAC+oYv6L92P1oFEhUXUB1A/lwQ=
github.com/bcurren/go-ssdp v0.0.0-20130927201504-ae8e7a0ef8a8/go.mod h1:XW7y5ILmTgyAH5CEVZ7fPldvuDl1bYqQsqZrFM/LzKQ=
github.com/cenkalti/backoff v2.1.1+incompatible h1:tKJnvO2kl0zmb/jA5UKAt4VoEVw1qxKWjE/Bpp46npY=